
Microsoft Visual Studio Solution File, Format Version 12.00
# Visual Studio Version 17
VisualStudioVersion = 17.0.31903.59
MinimumVisualStudioVersion = 10.0.40219.1
Project("{FAE04EC0-301F-11D3-BF4B-00C04F79EFBC}") = "lab01", "lab01.csproj", "{F8C2A725-78A7-40B7-A4BF-1E63A0F70F5D}"
EndProject
Project("{FAE04EC0-301F-11D3-BF4B-00C04F79EFBC}") = "myClassLibrary", "myClassLibrary\myClassLibrary.csproj", "{C971AC79-5ECF-4916-B5B7-D72565EA82A3}"
EndProject
Global
	GlobalSection(SolutionConfigurationPlatforms) = preSolution
		Debug|Any CPU = Debug|Any CPU
		Release|Any CPU = Release|Any CPU
	EndGlobalSection
	GlobalSection(SolutionProperties) = preSolution
		HideSolutionNode = FALSE
	EndGlobalSection
	GlobalSection(ProjectConfigurationPlatforms) = postSolution
		{F8C2A725-78A7-40B7-A4BF-1E63A0F70F5D}.Debug|Any CPU.ActiveCfg = Debug|Any CPU
		{F8C2A725-78A7-40B7-A4BF-1E63A0F70F5D}.Debug|Any CPU.Build.0 = Debug|Any CPU
		{F8C2A725-78A7-40B7-A4BF-1E63A0F70F5D}.Release|Any CPU.ActiveCfg = Release|Any CPU
		{F8C2A725-78A7-40B7-A4BF-1E63A0F70F5D}.Release|Any CPU.Build.0 = Release|Any CPU
		{C971AC79-5ECF-4916-B5B7-D72565EA82A3}.Debug|Any CPU.ActiveCfg = Debug|Any CPU
		{C971AC79-5ECF-4916-B5B7-D72565EA82A3}.Debug|Any CPU.Build.0 = Debug|Any CPU
		{C971AC79-5ECF-4916-B5B7-D72565EA82A3}.Release|Any CPU.ActiveCfg = Release|Any CPU
		{C971AC79-5ECF-4916-B5B7-D72565EA82A3}.Release|Any CPU.Build.0 = Release|Any CPU
	EndGlobalSection
EndGlobal
